
Microsoft Visual Studio Solution File, Format Version 12.00
# Visual Studio Version 17
VisualStudioVersion = 17.4.33213.308
MinimumVisualStudioVersion = 10.0.40219.1
Project("{FAE04EC0-301F-11D3-BF4B-00C04F79EFBC}") = "14.02.23 class", "14.02.23 class\14.02.23 class.csproj", "{0D69BAC4-DCA3-4A75-82BD-BE34835E8C60}"
EndProject
Global
	GlobalSection(SolutionConfigurationPlatforms) = preSolution
		Debug|Any CPU = Debug|Any CPU
		Release|Any CPU = Release|Any CPU
	EndGlobalSection
	GlobalSection(ProjectConfigurationPlatforms) = postSolution
		{0D69BAC4-DCA3-4A75-82BD-BE34835E8C60}.Debug|Any CPU.ActiveCfg = Debug|Any CPU
		{0D69BAC4-DCA3-4A75-82BD-BE34835E8C60}.Debug|Any CPU.Build.0 = Debug|Any CPU
		{0D69BAC4-DCA3-4A75-82BD-BE34835E8C60}.Release|Any CPU.ActiveCfg = Release|Any CPU
		{0D69BAC4-DCA3-4A75-82BD-BE34835E8C60}.Release|Any CPU.Build.0 = Release|Any CPU
	EndGlobalSection
	GlobalSection(SolutionProperties) = preSolution
		HideSolutionNode = FALSE
	EndGlobalSection
	GlobalSection(ExtensibilityGlobals) = postSolution
		SolutionGuid = {634B232B-5B48-47FB-9554-8F1FA62F825F}
	EndGlobalSection
EndGlobal
